{
  "lockfile-version": 1,
  "manifest": {
    "schema-version": "1.11.0",
    "install": {
      "nodejs": {
        "pkg-path": "nodejs"
      }
    },
    "hook": {},
    "profile": {},
    "options": {}
  },
  "packages": [
    {
      "attr_path": "nodejs",
      "broken": false,
      "derivation": "/nix/store/g2yfx00n1lp9i8ka7nbl11fawc0yfm7n-nodejs-24.14.0.drv",
      "description": "Event-driven I/O framework for the V8 JavaScript engine",
      "install_id": "nodejs",
      "license": "MIT",
      "locked_url": "https://github.com/flox/nixpkgs?rev=b12141ef619e0a9c1c84dc8c684040326f27cdcc",
      "name": "nodejs-24.14.0",
      "pname": "nodejs",
      "rev": "b12141ef619e0a9c1c84dc8c684040326f27cdcc",
      "rev_count": 982522,
      "rev_date": "2026-04-18T21:33:21Z",
      "scrape_date": "2026-04-21T06:03:43.875414Z",
      "stabilities": [
        "unstable"
      ],
      "unfree": false,
      "version": "24.14.0",
      "outputs_to_install": [
        "out",
        "out",
        "out",
        "out"
      ],
      "outputs": {
        "out": "/nix/store/d5hw52iialz64hvfzfp9qm1gr2fp43kx-nodejs-24.14.0"
      },
      "system": "aarch64-darwin",
      "group": "toplevel",
      "priority": 5
    },
    {
      "attr_path": "nodejs",
      "broken": false,
      "derivation": "/nix/store/jj8rw2gnisil7dw10xi2qdinad9jqp7s-nodejs-24.14.0.drv",
      "description": "Event-driven I/O framework for the V8 JavaScript engine",
      "install_id": "nodejs",
      "license": "MIT",
      "locked_url": "https://github.com/flox/nixpkgs?rev=b12141ef619e0a9c1c84dc8c684040326f27cdcc",
      "name": "nodejs-24.14.0",
      "pname": "nodejs",
      "rev": "b12141ef619e0a9c1c84dc8c684040326f27cdcc",
      "rev_count": 982522,
      "rev_date": "2026-04-18T21:33:21Z",
      "scrape_date": "2026-04-21T06:37:14.564911Z",
      "stabilities": [
        "unstable"
      ],
      "unfree": false,
      "version": "24.14.0",
      "outputs_to_install": [
        "out",
        "out",
        "out"
      ],
      "outputs": {
        "out": "/nix/store/vs8zaq8fvbbjqfg4bzn424kn55sj7s7y-nodejs-24.14.0"
      },
      "system": "aarch64-linux",
      "group": "toplevel",
      "priority": 5
    },
    {
      "attr_path": "nodejs",
      "broken": false,
      "derivation": "/nix/store/l9ksrfa960964gqf23yfr7a66a2n18c1-nodejs-24.14.0.drv",
      "description": "Event-driven I/O framework for the V8 JavaScript engine",
      "install_id": "nodejs",
      "license": "MIT",
      "locked_url": "https://github.com/flox/nixpkgs?rev=b12141ef619e0a9c1c84dc8c684040326f27cdcc",
      "name": "nodejs-24.14.0",
      "pname": "nodejs",
      "rev": "b12141ef619e0a9c1c84dc8c684040326f27cdcc",
      "rev_count": 982522,
      "rev_date": "2026-04-18T21:33:21Z",
      "scrape_date": "2026-04-21T07:08:36.418791Z",
      "stabilities": [
        "unstable"
      ],
      "unfree": false,
      "version": "24.14.0",
      "outputs_to_install": [
        "out",
        "out",
        "out"
      ],
      "outputs": {
        "out": "/nix/store/70ypbaj273w2kk0nrs4vijizyqgbg48v-nodejs-24.14.0"
      },
      "system": "x86_64-darwin",
      "group": "toplevel",
      "priority": 5
    },
    {
      "attr_path": "nodejs",
      "broken": false,
      "derivation": "/nix/store/15s1kk2n6vg180wg04wj2wgnl19f03v7-nodejs-24.14.0.drv",
      "description": "Event-driven I/O framework for the V8 JavaScript engine",
      "install_id": "nodejs",
      "license": "MIT",
      "locked_url": "https://github.com/flox/nixpkgs?rev=b12141ef619e0a9c1c84dc8c684040326f27cdcc",
      "name": "nodejs-24.14.0",
      "pname": "nodejs",
      "rev": "b12141ef619e0a9c1c84dc8c684040326f27cdcc",
      "rev_count": 982522,
      "rev_date": "2026-04-18T21:33:21Z",
      "scrape_date": "2026-04-21T07:45:21.146261Z",
      "stabilities": [
        "unstable"
      ],
      "unfree": false,
      "version": "24.14.0",
      "outputs_to_install": [
        "out",
        "out",
        "out"
      ],
      "outputs": {
        "out": "/nix/store/v2210ar51jddnrcx46m53ivv9palc26m-nodejs-24.14.0"
      },
      "system": "x86_64-linux",
      "group": "toplevel",
      "priority": 5
    }
  ]
}
